
Microsoft Visual Studio Solution File, Format Version 12.00
# Visual Studio Version 17
VisualStudioVersion = 17.0.31903.59
MinimumVisualStudioVersion = 10.0.40219.1
Project("{FAE04EC0-301F-11D3-BF4B-00C04F79EFBC}") = "UnifiedServiceScheduler", "UnifiedServiceScheduler\UnifiedServiceScheduler.csproj", "{F4DB255E-5005-4F63-A4AC-4E687E52DF29}"
EndProject
Project("{FAE04EC0-301F-11D3-BF4B-00C04F79EFBC}") = "UnifiedServiceScheduler.Tests", "UnifiedServiceScheduler.Tests\UnifiedServiceScheduler.Tests.csproj", "{B22034E7-E1B5-4CB7-A0AF-F4BEA2E7CC43}"
EndProject
Global
	GlobalSection(SolutionConfigurationPlatforms) = preSolution
		Debug|Any CPU = Debug|Any CPU
		Release|Any CPU = Release|Any CPU
	EndGlobalSection
	GlobalSection(SolutionProperties) = preSolution
		HideSolutionNode = FALSE
	EndGlobalSection
	GlobalSection(ProjectConfigurationPlatforms) = postSolution
		{F4DB255E-5005-4F63-A4AC-4E687E52DF29}.Debug|Any CPU.ActiveCfg = Debug|Any CPU
		{F4DB255E-5005-4F63-A4AC-4E687E52DF29}.Debug|Any CPU.Build.0 = Debug|Any CPU
		{F4DB255E-5005-4F63-A4AC-4E687E52DF29}.Release|Any CPU.ActiveCfg = Release|Any CPU
		{F4DB255E-5005-4F63-A4AC-4E687E52DF29}.Release|Any CPU.Build.0 = Release|Any CPU
		{B22034E7-E1B5-4CB7-A0AF-F4BEA2E7CC43}.Debug|Any CPU.ActiveCfg = Debug|Any CPU
		{B22034E7-E1B5-4CB7-A0AF-F4BEA2E7CC43}.Debug|Any CPU.Build.0 = Debug|Any CPU
		{B22034E7-E1B5-4CB7-A0AF-F4BEA2E7CC43}.Release|Any CPU.ActiveCfg = Release|Any CPU
		{B22034E7-E1B5-4CB7-A0AF-F4BEA2E7CC43}.Release|Any CPU.Build.0 = Release|Any CPU
	EndGlobalSection
EndGlobal
